{
  "lockfileVersion": 1,
  "configVersion": 1,
  "workspaces": {
    "": {
      "name": "psp-js",
      "devDependencies": {
        "@gltf-transform/core": "^4.4.0",
        "typescript": "^5.6.3",
        "upng-js": "^2.1.0",
      },
    },
  },
  "packages": {
    "@gltf-transform/core": ["@gltf-transform/core@4.4.0", "", { "dependencies": { "property-graph": "^4.1.0" } }, "sha512-cOPxOhHFFz5hwmix+li1+Nnq5qMV/QD3fTCsVlApxxFACtFdjkt2R/juseD4gvZ7D2c/yl6OilKH0pvI735YyQ=="],

    "pako": ["pako@1.0.11", "", {}, "sha512-4hLB8Py4zZce5s4yd9XzopqwVv/yGNhV1Bl8NTmCq1763HeK2+EwVTv+leGeL13Dnh2wfbqowVPXCIO0z4taYw=="],

    "property-graph": ["property-graph@4.1.0", "", {}, "sha512-AvPcP7XECNWy4LGmFQ77k7un4lSKM4eS29PTvW4ck95uYeLxXPWJM7hLuBqK91FaHqCcgJvIUCuNJjjxKE7VKQ=="],

    "typescript": ["typescript@5.9.3", "", { "bin": { "tsc": "bin/tsc", "tsserver": "bin/tsserver" } }, "sha512-jl1vZzPDinLr9eUt3J/t7V6FgNEw9QjvBPdysz9KfQDD41fQrC2Y4vKQdiaUpFT4bXlb1RHhLpp8wtm6M5TgSw=="],

    "upng-js": ["upng-js@2.1.0", "", { "dependencies": { "pako": "^1.0.5" } }, "sha512-d3xzZzpMP64YkjP5pr8gNyvBt7dLk/uGI67EctzDuVp4lCZyVMo0aJO6l/VDlgbInJYDY6cnClLoBp29eKWI6g=="],
  }
}
